<?xml version="1.0" encoding="utf-8"?>
<Project ToolsVersion="4.0" xmlns="http://schemas.microsoft.com/developer/msbuild/2003">
  <ItemGroup>
    <Filter Include="HAL">
      <UniqueIdentifier>{790c0e08-56c4-4a1e-971c-5156b503b090}</UniqueIdentifier>
    </Filter>
    <Filter Include="libs">
      <UniqueIdentifier>{5feef4d3-708c-42bd-bf0c-2930ae69d2c0}</UniqueIdentifier>
    </Filter>
    <Filter Include="src">
      <UniqueIdentifier>{6bb224d6-4012-44d3-bbe7-104cac3c60e1}</UniqueIdentifier>
    </Filter>
    <Filter Include="Hardware">
      <UniqueIdentifier>{d56e4a7b-d745-4088-ac9a-bb9aed8f5280}</UniqueIdentifier>
    </Filter>
    <Filter Include="Keyboard">
      <UniqueIdentifier>{ad31ecad-b918-466e-8f57-1306473b2bdd}</UniqueIdentifier>
    </Filter>
    <Filter Include="Display">
      <UniqueIdentifier>{327b6c79-bb9a-4377-bd51-b3c7d47da90d}</UniqueIdentifier>
    </Filter>
    <Filter Include="Display\font">
      <UniqueIdentifier>{d6659ae3-6ed5-4e18-a5f3-de24af9008fc}</UniqueIdentifier>
    </Filter>
    <Filter Include="dox">
      <UniqueIdentifier>{b74a9146-57b2-429c-92d6-f6110fe9d815}</UniqueIdentifier>
    </Filter>
  </ItemGroup>
  <ItemGroup>
    <ClInclude Include="..\..\STM32Cube_FW_F4\Drivers\STM32F4xx_HAL_Driver\Inc\stm32f4xx_hal.h">
      <Filter>HAL</Filter>
    </ClInclude>
    <ClInclude Include="..\..\STM32Cube_FW_F4\Drivers\STM32F4xx_HAL_Driver\Inc\stm32f4xx_hal_cortex.h">
      <Filter>HAL</Filter>
    </ClInclude>
    <ClInclude Include="..\..\STM32Cube_FW_F4\Drivers\STM32F4xx_HAL_Driver\Inc\stm32f4xx_hal_dma.h">
      <Filter>HAL</Filter>
    </ClInclude>
    <ClInclude Include="..\..\STM32Cube_FW_F4\Drivers\STM32F4xx_HAL_Driver\Inc\stm32f4xx_hal_gpio.h">
      <Filter>HAL</Filter>
    </ClInclude>
    <ClInclude Include="..\..\STM32Cube_FW_F4\Drivers\STM32F4xx_HAL_Driver\Inc\stm32f4xx_hal_tim.h">
      <Filter>HAL</Filter>
    </ClInclude>
    <ClInclude Include="..\..\STM32Cube_FW_F4\Drivers\STM32F4xx_HAL_Driver\Inc\stm32f4xx_hal_tim_ex.h">
      <Filter>HAL</Filter>
    </ClInclude>
    <ClInclude Include="..\..\Panel\src\libs\stm32f4xx_hal_conf.h">
      <Filter>libs</Filter>
    </ClInclude>
    <ClInclude Include="..\..\Panel\src\libs\stm32f4xx_it.h">
      <Filter>libs</Filter>
    </ClInclude>
    <ClInclude Include="..\..\Panel\src\Hardware\Hardware.h">
      <Filter>Hardware</Filter>
    </ClInclude>
    <ClInclude Include="..\..\Panel\src\Keyboard\Keyboard.h">
      <Filter>Keyboard</Filter>
    </ClInclude>
    <ClInclude Include="..\..\Panel\src\defines.h">
      <Filter>src</Filter>
    </ClInclude>
    <ClInclude Include="..\..\Panel\src\Display\Display.h">
      <Filter>Display</Filter>
    </ClInclude>
    <ClInclude Include="..\..\STM32Cube_FW_F4\Drivers\STM32F4xx_HAL_Driver\Inc\stm32f4xx_hal_pwr.h">
      <Filter>HAL</Filter>
    </ClInclude>
    <ClInclude Include="..\..\STM32Cube_FW_F4\Drivers\STM32F4xx_HAL_Driver\Inc\stm32f4xx_hal_pwr_ex.h">
      <Filter>HAL</Filter>
    </ClInclude>
    <ClInclude Include="..\..\STM32Cube_FW_F4\Drivers\STM32F4xx_HAL_Driver\Inc\stm32f4xx_hal_rcc.h">
      <Filter>HAL</Filter>
    </ClInclude>
    <ClInclude Include="..\..\STM32Cube_FW_F4\Drivers\STM32F4xx_HAL_Driver\Inc\stm32f4xx_hal_rcc_ex.h">
      <Filter>HAL</Filter>
    </ClInclude>
    <ClInclude Include="..\..\Panel\src\Display\Painter.h">
      <Filter>Display</Filter>
    </ClInclude>
    <ClInclude Include="..\..\Panel\src\Keyboard\Controls.h">
      <Filter>Keyboard</Filter>
    </ClInclude>
    <ClInclude Include="..\..\Panel\src\Display\font\Font.h">
      <Filter>Display\font</Filter>
    </ClInclude>
    <ClInclude Include="..\..\Panel\src\Display\DisplayTypes.h">
      <Filter>Display</Filter>
    </ClInclude>
    <ClInclude Include="..\..\Panel\src\Hardware\Timer.h">
      <Filter>Hardware</Filter>
    </ClInclude>
    <ClInclude Include="..\..\Panel\src\Hardware\FSMC.h">
      <Filter>Hardware</Filter>
    </ClInclude>
    <ClInclude Include="..\..\Panel\src\Hardware\Decoder.h">
      <Filter>Hardware</Filter>
    </ClInclude>
    <ClInclude Include="..\..\STM32Cube_FW_F4\Drivers\STM32F4xx_HAL_Driver\Inc\stm32f4xx_hal_dma2d.h">
      <Filter>HAL</Filter>
    </ClInclude>
    <ClInclude Include="..\..\STM32Cube_FW_F4\Drivers\STM32F4xx_HAL_Driver\Inc\stm32f4xx_hal_ltdc.h">
      <Filter>HAL</Filter>
    </ClInclude>
    <ClInclude Include="..\..\Panel\src\dox\Page01.h">
      <Filter>dox</Filter>
    </ClInclude>
    <ClInclude Include="..\..\Panel\src\dox\Page02.h">
      <Filter>dox</Filter>
    </ClInclude>
  </ItemGroup>
  <ItemGroup>
    <ClCompile Include="..\..\STM32Cube_FW_F4\Drivers\STM32F4xx_HAL_Driver\Src\stm32f4xx_hal.c">
      <Filter>HAL</Filter>
    </ClCompile>
    <ClCompile Include="..\..\STM32Cube_FW_F4\Drivers\STM32F4xx_HAL_Driver\Src\stm32f4xx_hal_cortex.c">
      <Filter>HAL</Filter>
    </ClCompile>
    <ClCompile Include="..\..\STM32Cube_FW_F4\Drivers\STM32F4xx_HAL_Driver\Src\stm32f4xx_hal_dma.c">
      <Filter>HAL</Filter>
    </ClCompile>
    <ClCompile Include="..\..\STM32Cube_FW_F4\Drivers\STM32F4xx_HAL_Driver\Src\stm32f4xx_hal_gpio.c">
      <Filter>HAL</Filter>
    </ClCompile>
    <ClCompile Include="..\..\STM32Cube_FW_F4\Drivers\STM32F4xx_HAL_Driver\Src\stm32f4xx_hal_tim.c">
      <Filter>HAL</Filter>
    </ClCompile>
    <ClCompile Include="..\..\STM32Cube_FW_F4\Drivers\STM32F4xx_HAL_Driver\Src\stm32f4xx_hal_tim_ex.c">
      <Filter>HAL</Filter>
    </ClCompile>
    <ClCompile Include="..\..\Panel\src\libs\stm32f4xx_hal_msp.c">
      <Filter>libs</Filter>
    </ClCompile>
    <ClCompile Include="..\..\Panel\src\libs\stm32f4xx_it.c">
      <Filter>libs</Filter>
    </ClCompile>
    <ClCompile Include="..\..\Panel\src\libs\system_stm32f4xx.c">
      <Filter>libs</Filter>
    </ClCompile>
    <ClCompile Include="..\..\Panel\src\Hardware\Hardware.cpp">
      <Filter>Hardware</Filter>
    </ClCompile>
    <ClCompile Include="..\..\Panel\src\Keyboard\Keyboard.cpp">
      <Filter>Keyboard</Filter>
    </ClCompile>
    <ClCompile Include="..\..\Panel\src\main.cpp">
      <Filter>src</Filter>
    </ClCompile>
    <ClCompile Include="..\..\Panel\src\Display\Display.cpp">
      <Filter>Display</Filter>
    </ClCompile>
    <ClCompile Include="..\..\STM32Cube_FW_F4\Drivers\STM32F4xx_HAL_Driver\Src\stm32f4xx_hal_pwr.c">
      <Filter>HAL</Filter>
    </ClCompile>
    <ClCompile Include="..\..\STM32Cube_FW_F4\Drivers\STM32F4xx_HAL_Driver\Src\stm32f4xx_hal_pwr_ex.c">
      <Filter>HAL</Filter>
    </ClCompile>
    <ClCompile Include="..\..\STM32Cube_FW_F4\Drivers\STM32F4xx_HAL_Driver\Src\stm32f4xx_hal_rcc.c">
      <Filter>HAL</Filter>
    </ClCompile>
    <ClCompile Include="..\..\STM32Cube_FW_F4\Drivers\STM32F4xx_HAL_Driver\Src\stm32f4xx_hal_rcc_ex.c">
      <Filter>HAL</Filter>
    </ClCompile>
    <ClCompile Include="..\..\Panel\src\Display\Painter.cpp">
      <Filter>Display</Filter>
    </ClCompile>
    <ClCompile Include="..\..\Panel\src\Display\font\Font.c">
      <Filter>Display\font</Filter>
    </ClCompile>
    <ClCompile Include="..\..\Panel\src\Hardware\Timer.cpp">
      <Filter>Hardware</Filter>
    </ClCompile>
    <ClCompile Include="..\..\Panel\src\Hardware\FSMC.cpp">
      <Filter>Hardware</Filter>
    </ClCompile>
    <ClCompile Include="..\..\Panel\src\Hardware\Decoder.cpp">
      <Filter>Hardware</Filter>
    </ClCompile>
    <ClCompile Include="..\..\STM32Cube_FW_F4\Drivers\STM32F4xx_HAL_Driver\Src\stm32f4xx_hal_dma2d.c">
      <Filter>HAL</Filter>
    </ClCompile>
    <ClCompile Include="..\..\STM32Cube_FW_F4\Drivers\STM32F4xx_HAL_Driver\Src\stm32f4xx_hal_ltdc.c">
      <Filter>HAL</Filter>
    </ClCompile>
  </ItemGroup>
  <ItemGroup>
    <None Include="..\..\Panel\src\libs\startup_stm32f429xx.s">
      <Filter>libs</Filter>
    </None>
    <None Include="..\..\Panel\src\Display\font\font5.inc">
      <Filter>Display\font</Filter>
    </None>
    <None Include="..\..\Panel\src\Display\font\font8.inc">
      <Filter>Display\font</Filter>
    </None>
    <None Include="..\..\Panel\src\Display\font\fontUGO.inc">
      <Filter>Display\font</Filter>
    </None>
    <None Include="..\..\Panel\src\Display\font\fontUGO2.inc">
      <Filter>Display\font</Filter>
    </None>
  </ItemGroup>
</Project>